
Microsoft Visual Studio Solution File, Format Version 12.00
# Visual Studio Version 17
VisualStudioVersion = 17.0.32014.148
MinimumVisualStudioVersion = 10.0.40219.1
Project("{9A19103F-16F7-4668-BE54-9A1E7A4F7556}") = "Ev Tapsirigi 5", "Ev Tapsirigi 5\Ev Tapsirigi 5.csproj", "{9836170D-20D9-456C-8319-4EE9639A5EAE}"
EndProject
Project("{FAE04EC0-301F-11D3-BF4B-00C04F79EFBC}") = "ClassLibrary1", "ClassLibrary1\ClassLibrary1.csproj", "{329BEC90-6393-428C-97E0-456956ADC460}"
EndProject
Global
	GlobalSection(SolutionConfigurationPlatforms) = preSolution
		Debug|Any CPU = Debug|Any CPU
		Release|Any CPU = Release|Any CPU
	EndGlobalSection
	GlobalSection(ProjectConfigurationPlatforms) = postSolution
		{9836170D-20D9-456C-8319-4EE9639A5EAE}.Debug|Any CPU.ActiveCfg = Debug|Any CPU
		{9836170D-20D9-456C-8319-4EE9639A5EAE}.Debug|Any CPU.Build.0 = Debug|Any CPU
		{9836170D-20D9-456C-8319-4EE9639A5EAE}.Release|Any CPU.ActiveCfg = Release|Any CPU
		{9836170D-20D9-456C-8319-4EE9639A5EAE}.Release|Any CPU.Build.0 = Release|Any CPU
		{329BEC90-6393-428C-97E0-456956ADC460}.Debug|Any CPU.ActiveCfg = Debug|Any CPU
		{329BEC90-6393-428C-97E0-456956ADC460}.Debug|Any CPU.Build.0 = Debug|Any CPU
		{329BEC90-6393-428C-97E0-456956ADC460}.Release|Any CPU.ActiveCfg = Release|Any CPU
		{329BEC90-6393-428C-97E0-456956ADC460}.Release|Any CPU.Build.0 = Release|Any CPU
	EndGlobalSection
	GlobalSection(SolutionProperties) = preSolution
		HideSolutionNode = FALSE
	EndGlobalSection
	GlobalSection(ExtensibilityGlobals) = postSolution
		SolutionGuid = {A8873144-4904-4228-BA01-D9235607CE96}
	EndGlobalSection
EndGlobal
